
Microsoft Visual Studio Solution File, Format Version 12.00
# Visual Studio Version 17
VisualStudioVersion = 17.14.36414.22 d17.14
MinimumVisualStudioVersion = 10.0.40219.1
Project("{FAE04EC0-301F-11D3-BF4B-00C04F79EFBC}") = "ChillsitePortfolio", "ChillsitePortfolio\ChillsitePortfolio.csproj", "{5BEC384F-9B53-4FD5-9451-3ED04B47B73B}"
EndProject
Global
	GlobalSection(SolutionConfigurationPlatforms) = preSolution
		Debug|Any CPU = Debug|Any CPU
		Release|Any CPU = Release|Any CPU
	EndGlobalSection
	GlobalSection(ProjectConfigurationPlatforms) = postSolution
		{5BEC384F-9B53-4FD5-9451-3ED04B47B73B}.Debug|Any CPU.ActiveCfg = Debug|Any CPU
		{5BEC384F-9B53-4FD5-9451-3ED04B47B73B}.Debug|Any CPU.Build.0 = Debug|Any CPU
		{5BEC384F-9B53-4FD5-9451-3ED04B47B73B}.Release|Any CPU.ActiveCfg = Release|Any CPU
		{5BEC384F-9B53-4FD5-9451-3ED04B47B73B}.Release|Any CPU.Build.0 = Release|Any CPU
	EndGlobalSection
	GlobalSection(SolutionProperties) = preSolution
		HideSolutionNode = FALSE
	EndGlobalSection
	GlobalSection(ExtensibilityGlobals) = postSolution
		SolutionGuid = {819B9A0A-126A-4B5C-B26F-8A4828DD4DE5}
	EndGlobalSection
EndGlobal
